{
    "_readme": [
        "This file locks the dependencies of your project to a known state",
        "Read more about it at https://getcomposer.org/doc/01-basic-usage.md#installing-dependencies",
        "This file is @generated automatically"
    ],
    "content-hash": "e28ab29ef7d45625f14845f7f6bfa90e",
    "packages": [
        {
            "name": "artarts36/console-gif",
            "version": "dev-master",
            "source": {
                "type": "git",
                "url": "git@github.com:ArtARTs36/ConsoleGif.git",
                "reference": "1d41dfdbeda7fa7bc51aa2bacc58304905989793"
            },
            "dist": {
                "type": "zip",
                "url": "https://api.github.com/repos/ArtARTs36/ConsoleGif/zipball/1d41dfdbeda7fa7bc51aa2bacc58304905989793",
                "reference": "1d41dfdbeda7fa7bc51aa2bacc58304905989793",
                "shasum": ""
            },
            "require": {
                "artarts36/str": "^1.0",
                "ext-gd": "*",
                "ext-iconv": "*",
                "ext-mbstring": "*",
                "sybio/gif-creator": "^1.0"
            },
            "type": "library",
            "autoload": {
                "psr-4": {
                    "ArtARTs36\\ConsoleGif\\": "src/"
                }
            },
            "license": [
                "MIT"
            ],
            "authors": [
                {
                    "name": "ArtARTs36",
                    "email": "temicska99@mail.ru"
                }
            ],
            "support": {
                "source": "https://github.com/ArtARTs36/ConsoleGif/tree/master",
                "issues": "https://github.com/ArtARTs36/ConsoleGif/issues"
            },
            "time": "2020-09-24T17:38:58+00:00"
        },
        {
            "name": "artarts36/str",
            "version": "1.0.3",
            "source": {
                "type": "git",
                "url": "https://github.com/ArtARTs36/str.git",
                "reference": "691ccb338fce0d31fcb45bfa8e688fd0a0a02514"
            },
            "dist": {
                "type": "zip",
                "url": "https://api.github.com/repos/ArtARTs36/str/zipball/691ccb338fce0d31fcb45bfa8e688fd0a0a02514",
                "reference": "691ccb338fce0d31fcb45bfa8e688fd0a0a02514",
                "shasum": ""
            },
            "require": {
                "php": ">=7.2"
            },
            "require-dev": {
                "phpunit/phpunit": "^9.3",
                "squizlabs/php_codesniffer": "^3.5"
            },
            "type": "library",
            "autoload": {
                "psr-4": {
                    "ArtARTs36\\Str\\": "src/"
                }
            },
            "notification-url": "https://packagist.org/downloads/",
            "license": [
                "MIT"
            ],
            "authors": [
                {
                    "name": "ArtARTs36",
                    "email": "temicska99@mail.ru"
                }
            ],
            "description": "Str",
            "time": "2020-09-23T00:22:58+00:00"
        },
        {
            "name": "psr/container",
            "version": "2.0.1",
            "source": {
                "type": "git",
                "url": "https://github.com/php-fig/container.git",
                "reference": "2ae37329ee82f91efadc282cc2d527fd6065a5ef"
            },
            "dist": {
                "type": "zip",
                "url": "https://api.github.com/repos/php-fig/container/zipball/2ae37329ee82f91efadc282cc2d527fd6065a5ef",
                "reference": "2ae37329ee82f91efadc282cc2d527fd6065a5ef",
                "shasum": ""
            },
            "require": {
                "php": ">=7.2.0"
            },
            "type": "library",
            "extra": {
                "branch-alias": {
                    "dev-master": "2.0.x-dev"
                }
            },
            "autoload": {
                "psr-4": {
                    "Psr\\Container\\": "src/"
                }
            },
            "notification-url": "https://packagist.org/downloads/",
            "license": [
                "MIT"
            ],
            "authors": [
                {
                    "name": "PHP-FIG",
                    "homepage": "https://www.php-fig.org/"
                }
            ],
            "description": "Common Container Interface (PHP FIG PSR-11)",
            "homepage": "https://github.com/php-fig/container",
            "keywords": [
                "PSR-11",
                "container",
                "container-interface",
                "container-interop",
                "psr"
            ],
            "time": "2021-03-24T13:40:57+00:00"
        },
        {
            "name": "sybio/gif-creator",
            "version": "1.0.0",
            "source": {
                "type": "git",
                "url": "https://github.com/Sybio/GifCreator.git",
                "reference": "250fc2f705181693c6c40b3d569d62353164bcbf"
            },
            "dist": {
                "type": "zip",
                "url": "https://api.github.com/repos/Sybio/GifCreator/zipball/250fc2f705181693c6c40b3d569d62353164bcbf",
                "reference": "250fc2f705181693c6c40b3d569d62353164bcbf",
                "shasum": ""
            },
            "require": {
                "php": ">=5.3.0"
            },
            "type": "library",
            "autoload": {
                "psr-0": {
                    "GifCreator": "src"
                }
            },
            "notification-url": "https://packagist.org/downloads/",
            "license": [
                "MIT"
            ],
            "authors": [
                {
                    "name": "Clément Guillemain",
                    "homepage": "http://clementguillemain.fr",
                    "role": "Developer / Freelancer"
                }
            ],
            "description": "PHP class that creates animated GIF from multiple images",
            "homepage": "https://github.com/Sybio/GifCreator",
            "keywords": [
                "animated",
                "creation",
                "encode",
                "gif",
                "php"
            ],
            "time": "2012-10-13T09:04:46+00:00"
        }
    ],
    "packages-dev": [],
    "aliases": [],
    "minimum-stability": "stable",
    "stability-flags": {
        "artarts36/console-gif": 20
    },
    "prefer-stable": false,
    "prefer-lowest": false,
    "platform": {
        "ext-json": "*"
    },
    "platform-dev": [],
    "plugin-api-version": "1.1.0"
}
